
Microsoft Visual Studio Solution File, Format Version 12.00
# Visual Studio Version 16
VisualStudioVersion = 16.0.29613.14
MinimumVisualStudioVersion = 10.0.40219.1
Project("{FAE04EC0-301F-11D3-BF4B-00C04F79EFBC}") = "Training", "Training\Training.csproj", "{04525F9C-383A-44EB-8A5D-98E4BB03076C}"
EndProject
Global
	GlobalSection(SolutionConfigurationPlatforms) = preSolution
		Debug|Any CPU = Debug|Any CPU
		Release|Any CPU = Release|Any CPU
	EndGlobalSection
	GlobalSection(ProjectConfigurationPlatforms) = postSolution
		{04525F9C-383A-44EB-8A5D-98E4BB03076C}.Debug|Any CPU.ActiveCfg = Debug|Any CPU
		{04525F9C-383A-44EB-8A5D-98E4BB03076C}.Debug|Any CPU.Build.0 = Debug|Any CPU
		{04525F9C-383A-44EB-8A5D-98E4BB03076C}.Release|Any CPU.ActiveCfg = Release|Any CPU
		{04525F9C-383A-44EB-8A5D-98E4BB03076C}.Release|Any CPU.Build.0 = Release|Any CPU
	EndGlobalSection
	GlobalSection(SolutionProperties) = preSolution
		HideSolutionNode = FALSE
	EndGlobalSection
	GlobalSection(ExtensibilityGlobals) = postSolution
		SolutionGuid = {39E82273-C8B6-4855-958B-9589C258A997}
	EndGlobalSection
EndGlobal
